
Microsoft Visual Studio Solution File, Format Version 12.00
# Visual Studio Version 17
VisualStudioVersion = 17.5.002.0
MinimumVisualStudioVersion = 10.0.40219.1
Project("{9A19103F-16F7-4668-BE54-9A1E7A4F7556}") = "Driver", "Driver.csproj", "{363ED389-C85C-4381-A0EE-0CED6CF83E7D}"
EndProject
Global
	GlobalSection(SolutionConfigurationPlatforms) = preSolution
		Debug|Any CPU = Debug|Any CPU
		Release|Any CPU = Release|Any CPU
	EndGlobalSection
	GlobalSection(ProjectConfigurationPlatforms) = postSolution
		{363ED389-C85C-4381-A0EE-0CED6CF83E7D}.Debug|Any CPU.ActiveCfg = Debug|Any CPU
		{363ED389-C85C-4381-A0EE-0CED6CF83E7D}.Debug|Any CPU.Build.0 = Debug|Any CPU
		{363ED389-C85C-4381-A0EE-0CED6CF83E7D}.Release|Any CPU.ActiveCfg = Release|Any CPU
		{363ED389-C85C-4381-A0EE-0CED6CF83E7D}.Release|Any CPU.Build.0 = Release|Any CPU
	EndGlobalSection
	GlobalSection(SolutionProperties) = preSolution
		HideSolutionNode = FALSE
	EndGlobalSection
	GlobalSection(ExtensibilityGlobals) = postSolution
		SolutionGuid = {0650BB84-7D83-4B52-98CF-8B66A739024D}
	EndGlobalSection
EndGlobal
